
Microsoft Visual Studio Solution File, Format Version 12.00
# Visual Studio Version 17
VisualStudioVersion = 17.3.32901.215
MinimumVisualStudioVersion = 10.0.40219.1
Project("{8BC9CEB8-8B4A-11D0-8D11-00A0C91BC942}") = "HomeWork21", "HomeWork21\HomeWork21.vcxproj", "{EB0A96C8-9C8F-47F1-85A1-6A4B5EE2B764}"
EndProject
Global
	GlobalSection(SolutionConfigurationPlatforms) = preSolution
		Debug|x64 = Debug|x64
		Debug|x86 = Debug|x86
		Release|x64 = Release|x64
		Release|x86 = Release|x86
	EndGlobalSection
	GlobalSection(ProjectConfigurationPlatforms) = postSolution
		{EB0A96C8-9C8F-47F1-85A1-6A4B5EE2B764}.Debug|x64.ActiveCfg = Debug|x64
		{EB0A96C8-9C8F-47F1-85A1-6A4B5EE2B764}.Debug|x64.Build.0 = Debug|x64
		{EB0A96C8-9C8F-47F1-85A1-6A4B5EE2B764}.Debug|x86.ActiveCfg = Debug|Win32
		{EB0A96C8-9C8F-47F1-85A1-6A4B5EE2B764}.Debug|x86.Build.0 = Debug|Win32
		{EB0A96C8-9C8F-47F1-85A1-6A4B5EE2B764}.Release|x64.ActiveCfg = Release|x64
		{EB0A96C8-9C8F-47F1-85A1-6A4B5EE2B764}.Release|x64.Build.0 = Release|x64
		{EB0A96C8-9C8F-47F1-85A1-6A4B5EE2B764}.Release|x86.ActiveCfg = Release|Win32
		{EB0A96C8-9C8F-47F1-85A1-6A4B5EE2B764}.Release|x86.Build.0 = Release|Win32
	EndGlobalSection
	GlobalSection(SolutionProperties) = preSolution
		HideSolutionNode = FALSE
	EndGlobalSection
	GlobalSection(ExtensibilityGlobals) = postSolution
		SolutionGuid = {6F3590EA-D04C-4523-A017-446C507493D2}
	EndGlobalSection
EndGlobal
